// !$*UTF8*$!
{
	archiveVersion = 1;
	classes = {
	};
	objectVersion = 46;
	objects = {

/* Begin PBXBuildFile section */
		5980035A1E9675CF00C1314A /* main.m in Sources */ = {isa = PBXBuildFile; fileRef = 598003591E9675CF00C1314A /* main.m */; };
		5980035D1E9675CF00C1314A /* AppDelegate.m in Sources */ = {isa = PBXBuildFile; fileRef = 5980035C1E9675CF00C1314A /* AppDelegate.m */; };
		598003631E9675CF00C1314A /* Main.storyboard in Resources */ = {isa = PBXBuildFile; fileRef = 598003611E9675CF00C1314A /* Main.storyboard */; };
		598003651E9675CF00C1314A /* Assets.xcassets in Resources */ = {isa = PBXBuildFile; fileRef = 598003641E9675CF00C1314A /* Assets.xcassets */; };
		598003681E9675CF00C1314A /* LaunchScreen.storyboard in Resources */ = {isa = PBXBuildFile; fileRef = 598003661E9675CF00C1314A /* LaunchScreen.storyboard */; };
		5980037A1E96811D00C1314A /* NewsApiHTTPClient.m in Sources */ = {isa = PBXBuildFile; fileRef = 598003791E96811D00C1314A /* NewsApiHTTPClient.m */; };
		5980037D1E96842200C1314A /* ArticleModel.m in Sources */ = {isa = PBXBuildFile; fileRef = 5980037C1E96842200C1314A /* ArticleModel.m */; };
		598003801E968A1900C1314A /* SourceModel.m in Sources */ = {isa = PBXBuildFile; fileRef = 5980037F1E968A1900C1314A /* SourceModel.m */; };
		598003831E9695BE00C1314A /* NetworkService.m in Sources */ = {isa = PBXBuildFile; fileRef = 598003821E9695BE00C1314A /* NetworkService.m */; };
		598003871E96C95200C1314A /* SourcesListVCViewController.m in Sources */ = {isa = PBXBuildFile; fileRef = 598003861E96C95200C1314A /* SourcesListVCViewController.m */; };
		B108FA4BF241B875BBEA80C8 /* libPods-NewsTracker.a in Frameworks */ = {isa = PBXBuildFile; fileRef = 7137B55F53CB2A8605FD1E7A /* libPods-NewsTracker.a */; };
/* End PBXBuildFile section */

/* Begin PBXFileReference section */
		598003551E9675CF00C1314A /* NewsTracker.app */ = {isa = PBXFileReference; explicitFileType = wrapper.application; includeInIndex = 0; path = NewsTracker.app; sourceTree = BUILT_PRODUCTS_DIR; };
		598003591E9675CF00C1314A /* main.m */ = {isa = PBXFileReference; lastKnownFileType = sourcecode.c.objc; path = main.m; sourceTree = "<group>"; };
		5980035B1E9675CF00C1314A /* AppDelegate.h */ = {isa = PBXFileReference; lastKnownFileType = sourcecode.c.h; path = AppDelegate.h; sourceTree = "<group>"; };
		5980035C1E9675CF00C1314A /* AppDelegate.m */ = {isa = PBXFileReference; lastKnownFileType = sourcecode.c.objc; path = AppDelegate.m; sourceTree = "<group>"; };
		598003621E9675CF00C1314A /* Base */ = {isa = PBXFileReference; lastKnownFileType = file.storyboard; name = Base; path = Base.lproj/Main.storyboard; sourceTree = "<group>"; };
		598003641E9675CF00C1314A /* Assets.xcassets */ = {isa = PBXFileReference; lastKnownFileType = folder.assetcatalog; path = Assets.xcassets; sourceTree = "<group>"; };
		598003671E9675CF00C1314A /* Base */ = {isa = PBXFileReference; lastKnownFileType = file.storyboard; name = Base; path = Base.lproj/LaunchScreen.storyboard; sourceTree = "<group>"; };
		598003691E9675CF00C1314A /* Info.plist */ = {isa = PBXFileReference; lastKnownFileType = text.plist.xml; path = Info.plist; sourceTree = "<group>"; };
		598003781E96811D00C1314A /* NewsApiHTTPClient.h */ = {isa = PBXFileReference; fileEncoding = 4; lastKnownFileType = sourcecode.c.h; name = NewsApiHTTPClient.h; path = Networking/NewsApiHTTPClient/NewsApiHTTPClient.h; sourceTree = "<group>"; };
		598003791E96811D00C1314A /* NewsApiHTTPClient.m */ = {isa = PBXFileReference; fileEncoding = 4; lastKnownFileType = sourcecode.c.objc; name = NewsApiHTTPClient.m; path = Networking/NewsApiHTTPClient/NewsApiHTTPClient.m; sourceTree = "<group>"; };
		5980037B1E96842200C1314A /* ArticleModel.h */ = {isa = PBXFileReference; fileEncoding = 4; lastKnownFileType = sourcecode.c.h; name = ArticleModel.h; path = Models/ArticleModel/ArticleModel.h; sourceTree = "<group>"; };
		5980037C1E96842200C1314A /* ArticleModel.m */ = {isa = PBXFileReference; fileEncoding = 4; lastKnownFileType = sourcecode.c.objc; name = ArticleModel.m; path = Models/ArticleModel/ArticleModel.m; sourceTree = "<group>"; };
		5980037E1E968A1900C1314A /* SourceModel.h */ = {isa = PBXFileReference; fileEncoding = 4; lastKnownFileType = sourcecode.c.h; name = SourceModel.h; path = SourceModel/SourceModel.h; sourceTree = "<group>"; };
		5980037F1E968A1900C1314A /* SourceModel.m */ = {isa = PBXFileReference; fileEncoding = 4; lastKnownFileType = sourcecode.c.objc; name = SourceModel.m; path = SourceModel/SourceModel.m; sourceTree = "<group>"; };
		598003811E9695BE00C1314A /* NetworkService.h */ = {isa = PBXFileReference; fileEncoding = 4; lastKnownFileType = sourcecode.c.h; name = NetworkService.h; path = NetworkService/NetworkService.h; sourceTree = "<group>"; };
		598003821E9695BE00C1314A /* NetworkService.m */ = {isa = PBXFileReference; fileEncoding = 4; lastKnownFileType = sourcecode.c.objc; name = NetworkService.m; path = NetworkService/NetworkService.m; sourceTree = "<group>"; };
		598003851E96C95200C1314A /* SourcesListVCViewController.h */ = {isa = PBXFileReference; fileEncoding = 4; lastKnownFileType = sourcecode.c.h; name = SourcesListVCViewController.h; path = Controllers/SourcesListVCViewController.h; sourceTree = "<group>"; };
		598003861E96C95200C1314A /* SourcesListVCViewController.m */ = {isa = PBXFileReference; fileEncoding = 4; lastKnownFileType = sourcecode.c.objc; name = SourcesListVCViewController.m; path = Controllers/SourcesListVCViewController.m; sourceTree = "<group>"; };
		6353ED71CC4DD8B369AA9340 /* Pods-NewsTracker.release.xcconfig */ = {isa = PBXFileReference; includeInIndex = 1; lastKnownFileType = text.xcconfig; name = "Pods-NewsTracker.release.xcconfig"; path = "Pods/Target Support Files/Pods-NewsTracker/Pods-NewsTracker.release.xcconfig"; sourceTree = "<group>"; };
		7137B55F53CB2A8605FD1E7A /* libPods-NewsTracker.a */ = {isa = PBXFileReference; explicitFileType = archive.ar; includeInIndex = 0; path = "libPods-NewsTracker.a"; sourceTree = BUILT_PRODUCTS_DIR; };
		7189645F4A685B2B2D8C3526 /* Pods-NewsTracker.debug.xcconfig */ = {isa = PBXFileReference; includeInIndex = 1; lastKnownFileType = text.xcconfig; name = "Pods-NewsTracker.debug.xcconfig"; path = "Pods/Target Support Files/Pods-NewsTracker/Pods-NewsTracker.debug.xcconfig"; sourceTree = "<group>"; };
/* End PBXFileReference section */

/* Begin PBXFrameworksBuildPhase section */
		598003521E9675CF00C1314A /* Frameworks */ = {
			isa = PBXFrameworksBuildPhase;
			buildActionMask = 2147483647;
			files = (
				B108FA4BF241B875BBEA80C8 /* libPods-NewsTracker.a in Frameworks */,
			);
			runOnlyForDeploymentPostprocessing = 0;
		};
/* End PBXFrameworksBuildPhase section */

/* Begin PBXGroup section */
		1695A6188F8F05F8D6B35C93 /* Pods */ = {
			isa = PBXGroup;
			children = (
				7189645F4A685B2B2D8C3526 /* Pods-NewsTracker.debug.xcconfig */,
				6353ED71CC4DD8B369AA9340 /* Pods-NewsTracker.release.xcconfig */,
			);
			name = Pods;
			sourceTree = "<group>";
		};
		476C8733A68520A33C2EC5F4 /* Frameworks */ = {
			isa = PBXGroup;
			children = (
				7137B55F53CB2A8605FD1E7A /* libPods-NewsTracker.a */,
			);
			name = Frameworks;
			sourceTree = "<group>";
		};
		5980034C1E9675CF00C1314A = {
			isa = PBXGroup;
			children = (
				598003571E9675CF00C1314A /* NewsTracker */,
				598003561E9675CF00C1314A /* Products */,
				1695A6188F8F05F8D6B35C93 /* Pods */,
				476C8733A68520A33C2EC5F4 /* Frameworks */,
			);
			sourceTree = "<group>";
		};
		598003561E9675CF00C1314A /* Products */ = {
			isa = PBXGroup;
			children = (
				598003551E9675CF00C1314A /* NewsTracker.app */,
			);
			name = Products;
			sourceTree = "<group>";
		};
		598003571E9675CF00C1314A /* NewsTracker */ = {
			isa = PBXGroup;
			children = (
				598003751E967F0400C1314A /* Networking */,
				598003721E9677C100C1314A /* Application */,
				598003711E96769900C1314A /* Controllers */,
				598003701E96769100C1314A /* Views */,
				5980036F1E96768700C1314A /* Models */,
				598003611E9675CF00C1314A /* Main.storyboard */,
				598003641E9675CF00C1314A /* Assets.xcassets */,
				598003661E9675CF00C1314A /* LaunchScreen.storyboard */,
				598003691E9675CF00C1314A /* Info.plist */,
				598003581E9675CF00C1314A /* Supporting Files */,
			);
			path = NewsTracker;
			sourceTree = "<group>";
		};
		598003581E9675CF00C1314A /* Supporting Files */ = {
			isa = PBXGroup;
			children = (
				598003591E9675CF00C1314A /* main.m */,
			);
			name = "Supporting Files";
			sourceTree = "<group>";
		};
		5980036F1E96768700C1314A /* Models */ = {
			isa = PBXGroup;
			children = (
				598003741E967E5800C1314A /* ArticleModel */,
				598003731E967E3D00C1314A /* SourceModel */,
			);
			name = Models;
			sourceTree = "<group>";
		};
		598003701E96769100C1314A /* Views */ = {
			isa = PBXGroup;
			children = (
			);
			name = Views;
			sourceTree = "<group>";
		};
		598003711E96769900C1314A /* Controllers */ = {
			isa = PBXGroup;
			children = (
				598003841E96C91700C1314A /* SourcesListVC */,
			);
			name = Controllers;
			sourceTree = "<group>";
		};
		598003721E9677C100C1314A /* Application */ = {
			isa = PBXGroup;
			children = (
				5980035B1E9675CF00C1314A /* AppDelegate.h */,
				5980035C1E9675CF00C1314A /* AppDelegate.m */,
			);
			name = Application;
			sourceTree = "<group>";
		};
		598003731E967E3D00C1314A /* SourceModel */ = {
			isa = PBXGroup;
			children = (
				5980037E1E968A1900C1314A /* SourceModel.h */,
				5980037F1E968A1900C1314A /* SourceModel.m */,
			);
			name = SourceModel;
			sourceTree = "<group>";
		};
		598003741E967E5800C1314A /* ArticleModel */ = {
			isa = PBXGroup;
			children = (
				5980037B1E96842200C1314A /* ArticleModel.h */,
				5980037C1E96842200C1314A /* ArticleModel.m */,
			);
			name = ArticleModel;
			sourceTree = "<group>";
		};
		598003751E967F0400C1314A /* Networking */ = {
			isa = PBXGroup;
			children = (
				598003771E967FCE00C1314A /* NetworkService */,
				598003761E967F6700C1314A /* NewsApiHTTPClient */,
			);
			name = Networking;
			sourceTree = "<group>";
		};
		598003761E967F6700C1314A /* NewsApiHTTPClient */ = {
			isa = PBXGroup;
			children = (
				598003781E96811D00C1314A /* NewsApiHTTPClient.h */,
				598003791E96811D00C1314A /* NewsApiHTTPClient.m */,
			);
			name = NewsApiHTTPClient;
			sourceTree = "<group>";
		};
		598003771E967FCE00C1314A /* NetworkService */ = {
			isa = PBXGroup;
			children = (
				598003811E9695BE00C1314A /* NetworkService.h */,
				598003821E9695BE00C1314A /* NetworkService.m */,
			);
			name = NetworkService;
			sourceTree = "<group>";
		};
		598003841E96C91700C1314A /* SourcesListVC */ = {
			isa = PBXGroup;
			children = (
				598003851E96C95200C1314A /* SourcesListVCViewController.h */,
				598003861E96C95200C1314A /* SourcesListVCViewController.m */,
			);
			name = SourcesListVC;
			sourceTree = "<group>";
		};
/* End PBXGroup section */

/* Begin PBXNativeTarget section */
		598003541E9675CF00C1314A /* NewsTracker */ = {
			isa = PBXNativeTarget;
			buildConfigurationList = 5980036C1E9675CF00C1314A /* Build configuration list for PBXNativeTarget "NewsTracker" */;
			buildPhases = (
				C64A321C38959493503D2457 /* 📦 Check Pods Manifest.lock */,
				598003511E9675CF00C1314A /* Sources */,
				598003521E9675CF00C1314A /* Frameworks */,
				598003531E9675CF00C1314A /* Resources */,
				694EDCF06B899EE4EE84453F /* 📦 Embed Pods Frameworks */,
				C62638AF1D26CBEEAC3840CB /* 📦 Copy Pods Resources */,
			);
			buildRules = (
			);
			dependencies = (
			);
			name = NewsTracker;
			productName = NewsTracker;
			productReference = 598003551E9675CF00C1314A /* NewsTracker.app */;
			productType = "com.apple.product-type.application";
		};
/* End PBXNativeTarget section */

/* Begin PBXProject section */
		5980034D1E9675CF00C1314A /* Project object */ = {
			isa = PBXProject;
			attributes = {
				LastUpgradeCheck = 0820;
				ORGANIZATIONNAME = "Olena Synenka";
				TargetAttributes = {
					598003541E9675CF00C1314A = {
						CreatedOnToolsVersion = 8.2.1;
						DevelopmentTeam = 9QBK9S48W2;
						ProvisioningStyle = Automatic;
					};
				};
			};
			buildConfigurationList = 598003501E9675CF00C1314A /* Build configuration list for PBXProject "NewsTracker" */;
			compatibilityVersion = "Xcode 3.2";
			developmentRegion = English;
			hasScannedForEncodings = 0;
			knownRegions = (
				en,
				Base,
			);
			mainGroup = 5980034C1E9675CF00C1314A;
			productRefGroup = 598003561E9675CF00C1314A /* Products */;
			projectDirPath = "";
			projectRoot = "";
			targets = (
				598003541E9675CF00C1314A /* NewsTracker */,
			);
		};
/* End PBXProject section */

/* Begin PBXResourcesBuildPhase section */
		598003531E9675CF00C1314A /* Resources */ = {
			isa = PBXResourcesBuildPhase;
			buildActionMask = 2147483647;
			files = (
				598003681E9675CF00C1314A /* LaunchScreen.storyboard in Resources */,
				598003651E9675CF00C1314A /* Assets.xcassets in Resources */,
				598003631E9675CF00C1314A /* Main.storyboard in Resources */,
			);
			runOnlyForDeploymentPostprocessing = 0;
		};
/* End PBXResourcesBuildPhase section */

/* Begin PBXShellScriptBuildPhase section */
		694EDCF06B899EE4EE84453F /* 📦 Embed Pods Frameworks */ = {
			isa = PBXShellScriptBuildPhase;
			buildActionMask = 2147483647;
			files = (
			);
			inputPaths = (
			);
			name = "📦 Embed Pods Frameworks";
			outputPaths = (
			);
			runOnlyForDeploymentPostprocessing = 0;
			shellPath = /bin/sh;
			shellScript = "\"${SRCROOT}/Pods/Target Support Files/Pods-NewsTracker/Pods-NewsTracker-frameworks.sh\"\n";
			showEnvVarsInLog = 0;
		};
		C62638AF1D26CBEEAC3840CB /* 📦 Copy Pods Resources */ = {
			isa = PBXShellScriptBuildPhase;
			buildActionMask = 2147483647;
			files = (
			);
			inputPaths = (
			);
			name = "📦 Copy Pods Resources";
			outputPaths = (
			);
			runOnlyForDeploymentPostprocessing = 0;
			shellPath = /bin/sh;
			shellScript = "\"${SRCROOT}/Pods/Target Support Files/Pods-NewsTracker/Pods-NewsTracker-resources.sh\"\n";
			showEnvVarsInLog = 0;
		};
		C64A321C38959493503D2457 /* 📦 Check Pods Manifest.lock */ = {
			isa = PBXShellScriptBuildPhase;
			buildActionMask = 2147483647;
			files = (
			);
			inputPaths = (
			);
			name = "📦 Check Pods Manifest.lock";
			outputPaths = (
			);
			runOnlyForDeploymentPostprocessing = 0;
			shellPath = /bin/sh;
			shellScript = "diff \"${PODS_ROOT}/../Podfile.lock\" \"${PODS_ROOT}/Manifest.lock\" > /dev/null\nif [[ $? != 0 ]] ; then\n    cat << EOM\nerror: The sandbox is not in sync with the Podfile.lock. Run 'pod install' or update your CocoaPods installation.\nEOM\n    exit 1\nfi\n";
			showEnvVarsInLog = 0;
		};
/* End PBXShellScriptBuildPhase section */

/* Begin PBXSourcesBuildPhase section */
		598003511E9675CF00C1314A /* Sources */ = {
			isa = PBXSourcesBuildPhase;
			buildActionMask = 2147483647;
			files = (
				5980035D1E9675CF00C1314A /* AppDelegate.m in Sources */,
				5980035A1E9675CF00C1314A /* main.m in Sources */,
				598003871E96C95200C1314A /* SourcesListVCViewController.m in Sources */,
				5980037D1E96842200C1314A /* ArticleModel.m in Sources */,
				598003801E968A1900C1314A /* SourceModel.m in Sources */,
				598003831E9695BE00C1314A /* NetworkService.m in Sources */,
				5980037A1E96811D00C1314A /* NewsApiHTTPClient.m in Sources */,
			);
			runOnlyForDeploymentPostprocessing = 0;
		};
/* End PBXSourcesBuildPhase section */

/* Begin PBXVariantGroup section */
		598003611E9675CF00C1314A /* Main.storyboard */ = {
			isa = PBXVariantGroup;
			children = (
				598003621E9675CF00C1314A /* Base */,
			);
			name = Main.storyboard;
			sourceTree = "<group>";
		};
		598003661E9675CF00C1314A /* LaunchScreen.storyboard */ = {
			isa = PBXVariantGroup;
			children = (
				598003671E9675CF00C1314A /* Base */,
			);
			name = LaunchScreen.storyboard;
			sourceTree = "<group>";
		};
/* End PBXVariantGroup section */

/* Begin XCBuildConfiguration section */
		5980036A1E9675CF00C1314A /* Debug */ = {
			isa = XCBuildConfiguration;
			buildSettings = {
				ALWAYS_SEARCH_USER_PATHS = NO;
				CLANG_ANALYZER_NONNULL = YES;
				CLANG_CXX_LANGUAGE_STANDARD = "gnu++0x";
				CLANG_CXX_LIBRARY = "libc++";
				CLANG_ENABLE_MODULES = YES;
				CLANG_ENABLE_OBJC_ARC = YES;
				CLANG_WARN_BOOL_CONVERSION = YES;
				CLANG_WARN_CONSTANT_CONVERSION = YES;
				CLANG_WARN_DIRECT_OBJC_ISA_USAGE = YES_ERROR;
				CLANG_WARN_DOCUMENTATION_COMMENTS = YES;
				CLANG_WARN_EMPTY_BODY = YES;
				CLANG_WARN_ENUM_CONVERSION = YES;
				CLANG_WARN_INFINITE_RECURSION = YES;
				CLANG_WARN_INT_CONVERSION = YES;
				CLANG_WARN_OBJC_ROOT_CLASS = YES_ERROR;
				CLANG_WARN_SUSPICIOUS_MOVE = YES;
				CLANG_WARN_UNREACHABLE_CODE = YES;
				CLANG_WARN__DUPLICATE_METHOD_MATCH = YES;
				"CODE_SIGN_IDENTITY[sdk=iphoneos*]" = "iPhone Developer";
				COPY_PHASE_STRIP = NO;
				DEBUG_INFORMATION_FORMAT = dwarf;
				ENABLE_STRICT_OBJC_MSGSEND = YES;
				ENABLE_TESTABILITY = YES;
				GCC_C_LANGUAGE_STANDARD = gnu99;
				GCC_DYNAMIC_NO_PIC = NO;
				GCC_NO_COMMON_BLOCKS = YES;
				GCC_OPTIMIZATION_LEVEL = 0;
				GCC_PREPROCESSOR_DEFINITIONS = (
					"DEBUG=1",
					"$(inherited)",
				);
				GCC_WARN_64_TO_32_BIT_CONVERSION = YES;
				GCC_WARN_ABOUT_RETURN_TYPE = YES_ERROR;
				GCC_WARN_UNDECLARED_SELECTOR = YES;
				GCC_WARN_UNINITIALIZED_AUTOS = YES_AGGRESSIVE;
				GCC_WARN_UNUSED_FUNCTION = YES;
				GCC_WARN_UNUSED_VARIABLE = YES;
				IPHONEOS_DEPLOYMENT_TARGET = 10.2;
				MTL_ENABLE_DEBUG_INFO = YES;
				ONLY_ACTIVE_ARCH = YES;
				SDKROOT = iphoneos;
			};
			name = Debug;
		};
		5980036B1E9675CF00C1314A /* Release */ = {
			isa = XCBuildConfiguration;
			buildSettings = {
				ALWAYS_SEARCH_USER_PATHS = NO;
				CLANG_ANALYZER_NONNULL = YES;
				CLANG_CXX_LANGUAGE_STANDARD = "gnu++0x";
				CLANG_CXX_LIBRARY = "libc++";
				CLANG_ENABLE_MODULES = YES;
				CLANG_ENABLE_OBJC_ARC = YES;
				CLANG_WARN_BOOL_CONVERSION = YES;
				CLANG_WARN_CONSTANT_CONVERSION = YES;
				CLANG_WARN_DIRECT_OBJC_ISA_USAGE = YES_ERROR;
				CLANG_WARN_DOCUMENTATION_COMMENTS = YES;
				CLANG_WARN_EMPTY_BODY = YES;
				CLANG_WARN_ENUM_CONVERSION = YES;
				CLANG_WARN_INFINITE_RECURSION = YES;
				CLANG_WARN_INT_CONVERSION = YES;
				CLANG_WARN_OBJC_ROOT_CLASS = YES_ERROR;
				CLANG_WARN_SUSPICIOUS_MOVE = YES;
				CLANG_WARN_UNREACHABLE_CODE = YES;
				CLANG_WARN__DUPLICATE_METHOD_MATCH = YES;
				"CODE_SIGN_IDENTITY[sdk=iphoneos*]" = "iPhone Developer";
				COPY_PHASE_STRIP = NO;
				DEBUG_INFORMATION_FORMAT = "dwarf-with-dsym";
				ENABLE_NS_ASSERTIONS = NO;
				ENABLE_STRICT_OBJC_MSGSEND = YES;
				GCC_C_LANGUAGE_STANDARD = gnu99;
				GCC_NO_COMMON_BLOCKS = YES;
				GCC_WARN_64_TO_32_BIT_CONVERSION = YES;
				GCC_WARN_ABOUT_RETURN_TYPE = YES_ERROR;
				GCC_WARN_UNDECLARED_SELECTOR = YES;
				GCC_WARN_UNINITIALIZED_AUTOS = YES_AGGRESSIVE;
				GCC_WARN_UNUSED_FUNCTION = YES;
				GCC_WARN_UNUSED_VARIABLE = YES;
				IPHONEOS_DEPLOYMENT_TARGET = 10.2;
				MTL_ENABLE_DEBUG_INFO = NO;
				SDKROOT = iphoneos;
				VALIDATE_PRODUCT = YES;
			};
			name = Release;
		};
		5980036D1E9675CF00C1314A /* Debug */ = {
			isa = XCBuildConfiguration;
			baseConfigurationReference = 7189645F4A685B2B2D8C3526 /* Pods-NewsTracker.debug.xcconfig */;
			buildSettings = {
				ASSETCATALOG_COMPILER_APPICON_NAME = AppIcon;
				DEVELOPMENT_TEAM = 9QBK9S48W2;
				INFOPLIST_FILE = NewsTracker/Info.plist;
				LD_RUNPATH_SEARCH_PATHS = "$(inherited) @executable_path/Frameworks";
				PRODUCT_BUNDLE_IDENTIFIER = OS.NewsTracker;
				PRODUCT_NAME = "$(TARGET_NAME)";
			};
			name = Debug;
		};
		5980036E1E9675CF00C1314A /* Release */ = {
			isa = XCBuildConfiguration;
			baseConfigurationReference = 6353ED71CC4DD8B369AA9340 /* Pods-NewsTracker.release.xcconfig */;
			buildSettings = {
				ASSETCATALOG_COMPILER_APPICON_NAME = AppIcon;
				DEVELOPMENT_TEAM = 9QBK9S48W2;
				INFOPLIST_FILE = NewsTracker/Info.plist;
				LD_RUNPATH_SEARCH_PATHS = "$(inherited) @executable_path/Frameworks";
				PRODUCT_BUNDLE_IDENTIFIER = OS.NewsTracker;
				PRODUCT_NAME = "$(TARGET_NAME)";
			};
			name = Release;
		};
/* End XCBuildConfiguration section */

/* Begin XCConfigurationList section */
		598003501E9675CF00C1314A /* Build configuration list for PBXProject "NewsTracker" */ = {
			isa = XCConfigurationList;
			buildConfigurations = (
				5980036A1E9675CF00C1314A /* Debug */,
				5980036B1E9675CF00C1314A /* Release */,
			);
			defaultConfigurationIsVisible = 0;
			defaultConfigurationName = Release;
		};
		5980036C1E9675CF00C1314A /* Build configuration list for PBXNativeTarget "NewsTracker" */ = {
			isa = XCConfigurationList;
			buildConfigurations = (
				5980036D1E9675CF00C1314A /* Debug */,
				5980036E1E9675CF00C1314A /* Release */,
			);
			defaultConfigurationIsVisible = 0;
			defaultConfigurationName = Release;
		};
/* End XCConfigurationList section */
	};
	rootObject = 5980034D1E9675CF00C1314A /* Project object */;
}
